// !$*UTF8*$!
{
	archiveVersion = 1;
	classes = {
	};
	objectVersion = 46;
	objects = {

/* Begin PBXBuildFile section */
		14CE71CD1AA527C700881592 /* main.m in Sources */ = {isa = PBXBuildFile; fileRef = 14CE71CC1AA527C700881592 /* main.m */; };
		14CE71D01AA527C700881592 /* AppDelegate.m in Sources */ = {isa = PBXBuildFile; fileRef = 14CE71CF1AA527C700881592 /* AppDelegate.m */; };
		14CE71D61AA527C700881592 /* Main.storyboard in Resources */ = {isa = PBXBuildFile; fileRef = 14CE71D41AA527C700881592 /* Main.storyboard */; };
		14CE71D81AA527C700881592 /* Images.xcassets in Resources */ = {isa = PBXBuildFile; fileRef = 14CE71D71AA527C700881592 /* Images.xcassets */; };
		14CE71DB1AA527C700881592 /* LaunchScreen.xib in Resources */ = {isa = PBXBuildFile; fileRef = 14CE71D91AA527C700881592 /* LaunchScreen.xib */; };
		14CE71E71AA527C700881592 /* Tax_CalculatorTests.m in Sources */ = {isa = PBXBuildFile; fileRef = 14CE71E61AA527C700881592 /* Tax_CalculatorTests.m */; };
		14CE71F21AA527FA00881592 /* MainViewController.m in Sources */ = {isa = PBXBuildFile; fileRef = 14CE71F11AA527FA00881592 /* MainViewController.m */; };
/* End PBXBuildFile section */

/* Begin PBXContainerItemProxy section */
		14CE71E11AA527C700881592 /* PBXContainerItemProxy */ = {
			isa = PBXContainerItemProxy;
			containerPortal = 14CE71BF1AA527C700881592 /* Project object */;
			proxyType = 1;
			remoteGlobalIDString = 14CE71C61AA527C700881592;
			remoteInfo = "Tax Calculator";
		};
/* End PBXContainerItemProxy section */

/* Begin PBXFileReference section */
		14CE71C71AA527C700881592 /* Tax Calculator.app */ = {isa = PBXFileReference; explicitFileType = wrapper.application; includeInIndex = 0; path = "Tax Calculator.app"; sourceTree = BUILT_PRODUCTS_DIR; };
		14CE71CB1AA527C700881592 /* Info.plist */ = {isa = PBXFileReference; lastKnownFileType = text.plist.xml; path = Info.plist; sourceTree = "<group>"; };
		14CE71CC1AA527C700881592 /* main.m */ = {isa = PBXFileReference; lastKnownFileType = sourcecode.c.objc; path = main.m; sourceTree = "<group>"; };
		14CE71CE1AA527C700881592 /* AppDelegate.h */ = {isa = PBXFileReference; lastKnownFileType = sourcecode.c.h; path = AppDelegate.h; sourceTree = "<group>"; };
		14CE71CF1AA527C700881592 /* AppDelegate.m */ = {isa = PBXFileReference; lastKnownFileType = sourcecode.c.objc; path = AppDelegate.m; sourceTree = "<group>"; };
		14CE71D51AA527C700881592 /* Base */ = {isa = PBXFileReference; lastKnownFileType = file.storyboard; name = Base; path = Base.lproj/Main.storyboard; sourceTree = "<group>"; };
		14CE71D71AA527C700881592 /* Images.xcassets */ = {isa = PBXFileReference; lastKnownFileType = folder.assetcatalog; path = Images.xcassets; sourceTree = "<group>"; };
		14CE71DA1AA527C700881592 /* Base */ = {isa = PBXFileReference; lastKnownFileType = file.xib; name = Base; path = Base.lproj/LaunchScreen.xib; sourceTree = "<group>"; };
		14CE71E01AA527C700881592 /* Tax CalculatorTests.xctest */ = {isa = PBXFileReference; explicitFileType = wrapper.cfbundle; includeInIndex = 0; path = "Tax CalculatorTests.xctest"; sourceTree = BUILT_PRODUCTS_DIR; };
		14CE71E51AA527C700881592 /* Info.plist */ = {isa = PBXFileReference; lastKnownFileType = text.plist.xml; path = Info.plist; sourceTree = "<group>"; };
		14CE71E61AA527C700881592 /* Tax_CalculatorTests.m */ = {isa = PBXFileReference; lastKnownFileType = sourcecode.c.objc; path = Tax_CalculatorTests.m; sourceTree = "<group>"; };
		14CE71F01AA527FA00881592 /* MainViewController.h */ = {isa = PBXFileReference; fileEncoding = 4; lastKnownFileType = sourcecode.c.h; name = MainViewController.h; path = ../MainViewController.h; sourceTree = "<group>"; };
		14CE71F11AA527FA00881592 /* MainViewController.m */ = {isa = PBXFileReference; fileEncoding = 4; lastKnownFileType = sourcecode.c.objc; name = MainViewController.m; path = ../MainViewController.m; sourceTree = "<group>"; };
/* End PBXFileReference section */

/* Begin PBXFrameworksBuildPhase section */
		14CE71C41AA527C700881592 /* Frameworks */ = {
			isa = PBXFrameworksBuildPhase;
			buildActionMask = 2147483647;
			files = (
			);
			runOnlyForDeploymentPostprocessing = 0;
		};
		14CE71DD1AA527C700881592 /* Frameworks */ = {
			isa = PBXFrameworksBuildPhase;
			buildActionMask = 2147483647;
			files = (
			);
			runOnlyForDeploymentPostprocessing = 0;
		};
/* End PBXFrameworksBuildPhase section */

/* Begin PBXGroup section */
		14CE71BE1AA527C700881592 = {
			isa = PBXGroup;
			children = (
				14CE71C91AA527C700881592 /* Tax Calculator */,
				14CE71E31AA527C700881592 /* Tax CalculatorTests */,
				14CE71C81AA527C700881592 /* Products */,
			);
			sourceTree = "<group>";
		};
		14CE71C81AA527C700881592 /* Products */ = {
			isa = PBXGroup;
			children = (
				14CE71C71AA527C700881592 /* Tax Calculator.app */,
				14CE71E01AA527C700881592 /* Tax CalculatorTests.xctest */,
			);
			name = Products;
			sourceTree = "<group>";
		};
		14CE71C91AA527C700881592 /* Tax Calculator */ = {
			isa = PBXGroup;
			children = (
				14CE71CE1AA527C700881592 /* AppDelegate.h */,
				14CE71CF1AA527C700881592 /* AppDelegate.m */,
				14CE71F01AA527FA00881592 /* MainViewController.h */,
				14CE71F11AA527FA00881592 /* MainViewController.m */,
				14CE71D41AA527C700881592 /* Main.storyboard */,
				14CE71D71AA527C700881592 /* Images.xcassets */,
				14CE71D91AA527C700881592 /* LaunchScreen.xib */,
				14CE71CA1AA527C700881592 /* Supporting Files */,
			);
			path = "Tax Calculator";
			sourceTree = "<group>";
		};
		14CE71CA1AA527C700881592 /* Supporting Files */ = {
			isa = PBXGroup;
			children = (
				14CE71CB1AA527C700881592 /* Info.plist */,
				14CE71CC1AA527C700881592 /* main.m */,
			);
			name = "Supporting Files";
			sourceTree = "<group>";
		};
		14CE71E31AA527C700881592 /* Tax CalculatorTests */ = {
			isa = PBXGroup;
			children = (
				14CE71E61AA527C700881592 /* Tax_CalculatorTests.m */,
				14CE71E41AA527C700881592 /* Supporting Files */,
			);
			path = "Tax CalculatorTests";
			sourceTree = "<group>";
		};
		14CE71E41AA527C700881592 /* Supporting Files */ = {
			isa = PBXGroup;
			children = (
				14CE71E51AA527C700881592 /* Info.plist */,
			);
			name = "Supporting Files";
			sourceTree = "<group>";
		};
/* End PBXGroup section */

/* Begin PBXNativeTarget section */
		14CE71C61AA527C700881592 /* Tax Calculator */ = {
			isa = PBXNativeTarget;
			buildConfigurationList = 14CE71EA1AA527C700881592 /* Build configuration list for PBXNativeTarget "Tax Calculator" */;
			buildPhases = (
				14CE71C31AA527C700881592 /* Sources */,
				14CE71C41AA527C700881592 /* Frameworks */,
				14CE71C51AA527C700881592 /* Resources */,
			);
			buildRules = (
			);
			dependencies = (
			);
			name = "Tax Calculator";
			productName = "Tax Calculator";
			productReference = 14CE71C71AA527C700881592 /* Tax Calculator.app */;
			productType = "com.apple.product-type.application";
		};
		14CE71DF1AA527C700881592 /* Tax CalculatorTests */ = {
			isa = PBXNativeTarget;
			buildConfigurationList = 14CE71ED1AA527C700881592 /* Build configuration list for PBXNativeTarget "Tax CalculatorTests" */;
			buildPhases = (
				14CE71DC1AA527C700881592 /* Sources */,
				14CE71DD1AA527C700881592 /* Frameworks */,
				14CE71DE1AA527C700881592 /* Resources */,
			);
			buildRules = (
			);
			dependencies = (
				14CE71E21AA527C700881592 /* PBXTargetDependency */,
			);
			name = "Tax CalculatorTests";
			productName = "Tax CalculatorTests";
			productReference = 14CE71E01AA527C700881592 /* Tax CalculatorTests.xctest */;
			productType = "com.apple.product-type.bundle.unit-test";
		};
/* End PBXNativeTarget section */

/* Begin PBXProject section */
		14CE71BF1AA527C700881592 /* Project object */ = {
			isa = PBXProject;
			attributes = {
				LastUpgradeCheck = 0610;
				ORGANIZATIONNAME = "Jen Kelley";
				TargetAttributes = {
					14CE71C61AA527C700881592 = {
						CreatedOnToolsVersion = 6.1.1;
					};
					14CE71DF1AA527C700881592 = {
						CreatedOnToolsVersion = 6.1.1;
						TestTargetID = 14CE71C61AA527C700881592;
					};
				};
			};
			buildConfigurationList = 14CE71C21AA527C700881592 /* Build configuration list for PBXProject "Tax Calculator" */;
			compatibilityVersion = "Xcode 3.2";
			developmentRegion = English;
			hasScannedForEncodings = 0;
			knownRegions = (
				en,
				Base,
			);
			mainGroup = 14CE71BE1AA527C700881592;
			productRefGroup = 14CE71C81AA527C700881592 /* Products */;
			projectDirPath = "";
			projectRoot = "";
			targets = (
				14CE71C61AA527C700881592 /* Tax Calculator */,
				14CE71DF1AA527C700881592 /* Tax CalculatorTests */,
			);
		};
/* End PBXProject section */

/* Begin PBXResourcesBuildPhase section */
		14CE71C51AA527C700881592 /* Resources */ = {
			isa = PBXResourcesBuildPhase;
			buildActionMask = 2147483647;
			files = (
				14CE71D61AA527C700881592 /* Main.storyboard in Resources */,
				14CE71DB1AA527C700881592 /* LaunchScreen.xib in Resources */,
				14CE71D81AA527C700881592 /* Images.xcassets in Resources */,
			);
			runOnlyForDeploymentPostprocessing = 0;
		};
		14CE71DE1AA527C700881592 /* Resources */ = {
			isa = PBXResourcesBuildPhase;
			buildActionMask = 2147483647;
			files = (
			);
			runOnlyForDeploymentPostprocessing = 0;
		};
/* End PBXResourcesBuildPhase section */

/* Begin PBXSourcesBuildPhase section */
		14CE71C31AA527C700881592 /* Sources */ = {
			isa = PBXSourcesBuildPhase;
			buildActionMask = 2147483647;
			files = (
				14CE71D01AA527C700881592 /* AppDelegate.m in Sources */,
				14CE71F21AA527FA00881592 /* MainViewController.m in Sources */,
				14CE71CD1AA527C700881592 /* main.m in Sources */,
			);
			runOnlyForDeploymentPostprocessing = 0;
		};
		14CE71DC1AA527C700881592 /* Sources */ = {
			isa = PBXSourcesBuildPhase;
			buildActionMask = 2147483647;
			files = (
				14CE71E71AA527C700881592 /* Tax_CalculatorTests.m in Sources */,
			);
			runOnlyForDeploymentPostprocessing = 0;
		};
/* End PBXSourcesBuildPhase section */

/* Begin PBXTargetDependency section */
		14CE71E21AA527C700881592 /* PBXTargetDependency */ = {
			isa = PBXTargetDependency;
			target = 14CE71C61AA527C700881592 /* Tax Calculator */;
			targetProxy = 14CE71E11AA527C700881592 /* PBXContainerItemProxy */;
		};
/* End PBXTargetDependency section */

/* Begin PBXVariantGroup section */
		14CE71D41AA527C700881592 /* Main.storyboard */ = {
			isa = PBXVariantGroup;
			children = (
				14CE71D51AA527C700881592 /* Base */,
			);
			name = Main.storyboard;
			sourceTree = "<group>";
		};
		14CE71D91AA527C700881592 /* LaunchScreen.xib */ = {
			isa = PBXVariantGroup;
			children = (
				14CE71DA1AA527C700881592 /* Base */,
			);
			name = LaunchScreen.xib;
			sourceTree = "<group>";
		};
/* End PBXVariantGroup section */

/* Begin XCBuildConfiguration section */
		14CE71E81AA527C700881592 /* Debug */ = {
			isa = XCBuildConfiguration;
			buildSettings = {
				ALWAYS_SEARCH_USER_PATHS = NO;
				CLANG_CXX_LANGUAGE_STANDARD = "gnu++0x";
				CLANG_CXX_LIBRARY = "libc++";
				CLANG_ENABLE_MODULES = YES;
				CLANG_ENABLE_OBJC_ARC = YES;
				CLANG_WARN_BOOL_CONVERSION = YES;
				CLANG_WARN_CONSTANT_CONVERSION = YES;
				CLANG_WARN_DIRECT_OBJC_ISA_USAGE = YES_ERROR;
				CLANG_WARN_EMPTY_BODY = YES;
				CLANG_WARN_ENUM_CONVERSION = YES;
				CLANG_WARN_INT_CONVERSION = YES;
				CLANG_WARN_OBJC_ROOT_CLASS = YES_ERROR;
				CLANG_WARN_UNREACHABLE_CODE = YES;
				CLANG_WARN__DUPLICATE_METHOD_MATCH = YES;
				"CODE_SIGN_IDENTITY[sdk=iphoneos*]" = "iPhone Developer";
				COPY_PHASE_STRIP = NO;
				ENABLE_STRICT_OBJC_MSGSEND = YES;
				GCC_C_LANGUAGE_STANDARD = gnu99;
				GCC_DYNAMIC_NO_PIC = NO;
				GCC_OPTIMIZATION_LEVEL = 0;
				GCC_PREPROCESSOR_DEFINITIONS = (
					"DEBUG=1",
					"$(inherited)",
				);
				GCC_SYMBOLS_PRIVATE_EXTERN = NO;
				GCC_WARN_64_TO_32_BIT_CONVERSION = YES;
				GCC_WARN_ABOUT_RETURN_TYPE = YES_ERROR;
				GCC_WARN_UNDECLARED_SELECTOR = YES;
				GCC_WARN_UNINITIALIZED_AUTOS = YES_AGGRESSIVE;
				GCC_WARN_UNUSED_FUNCTION = YES;
				GCC_WARN_UNUSED_VARIABLE = YES;
				IPHONEOS_DEPLOYMENT_TARGET = 8.1;
				MTL_ENABLE_DEBUG_INFO = YES;
				ONLY_ACTIVE_ARCH = YES;
				SDKROOT = iphoneos;
			};
			name = Debug;
		};
		14CE71E91AA527C700881592 /* Release */ = {
			isa = XCBuildConfiguration;
			buildSettings = {
				ALWAYS_SEARCH_USER_PATHS = NO;
				CLANG_CXX_LANGUAGE_STANDARD = "gnu++0x";
				CLANG_CXX_LIBRARY = "libc++";
				CLANG_ENABLE_MODULES = YES;
				CLANG_ENABLE_OBJC_ARC = YES;
				CLANG_WARN_BOOL_CONVERSION = YES;
				CLANG_WARN_CONSTANT_CONVERSION = YES;
				CLANG_WARN_DIRECT_OBJC_ISA_USAGE = YES_ERROR;
				CLANG_WARN_EMPTY_BODY = YES;
				CLANG_WARN_ENUM_CONVERSION = YES;
				CLANG_WARN_INT_CONVERSION = YES;
				CLANG_WARN_OBJC_ROOT_CLASS = YES_ERROR;
				CLANG_WARN_UNREACHABLE_CODE = YES;
				CLANG_WARN__DUPLICATE_METHOD_MATCH = YES;
				"CODE_SIGN_IDENTITY[sdk=iphoneos*]" = "iPhone Developer";
				COPY_PHASE_STRIP = YES;
				ENABLE_NS_ASSERTIONS = NO;
				ENABLE_STRICT_OBJC_MSGSEND = YES;
				GCC_C_LANGUAGE_STANDARD = gnu99;
				GCC_WARN_64_TO_32_BIT_CONVERSION = YES;
				GCC_WARN_ABOUT_RETURN_TYPE = YES_ERROR;
				GCC_WARN_UNDECLARED_SELECTOR = YES;
				GCC_WARN_UNINITIALIZED_AUTOS = YES_AGGRESSIVE;
				GCC_WARN_UNUSED_FUNCTION = YES;
				GCC_WARN_UNUSED_VARIABLE = YES;
				IPHONEOS_DEPLOYMENT_TARGET = 8.1;
				MTL_ENABLE_DEBUG_INFO = NO;
				SDKROOT = iphoneos;
				VALIDATE_PRODUCT = YES;
			};
			name = Release;
		};
		14CE71EB1AA527C700881592 /* Debug */ = {
			isa = XCBuildConfiguration;
			buildSettings = {
				ASSETCATALOG_COMPILER_APPICON_NAME = AppIcon;
				INFOPLIST_FILE = "Tax Calculator/Info.plist";
				LD_RUNPATH_SEARCH_PATHS = "$(inherited) @executable_path/Frameworks";
				PRODUCT_NAME = "$(TARGET_NAME)";
			};
			name = Debug;
		};
		14CE71EC1AA527C700881592 /* Release */ = {
			isa = XCBuildConfiguration;
			buildSettings = {
				ASSETCATALOG_COMPILER_APPICON_NAME = AppIcon;
				INFOPLIST_FILE = "Tax Calculator/Info.plist";
				LD_RUNPATH_SEARCH_PATHS = "$(inherited) @executable_path/Frameworks";
				PRODUCT_NAME = "$(TARGET_NAME)";
			};
			name = Release;
		};
		14CE71EE1AA527C700881592 /* Debug */ = {
			isa = XCBuildConfiguration;
			buildSettings = {
				BUNDLE_LOADER = "$(TEST_HOST)";
				FRAMEWORK_SEARCH_PATHS = (
					"$(SDKROOT)/Developer/Library/Frameworks",
					"$(inherited)",
				);
				GCC_PREPROCESSOR_DEFINITIONS = (
					"DEBUG=1",
					"$(inherited)",
				);
				INFOPLIST_FILE = "Tax CalculatorTests/Info.plist";
				LD_RUNPATH_SEARCH_PATHS = "$(inherited) @executable_path/Frameworks @loader_path/Frameworks";
				PRODUCT_NAME = "$(TARGET_NAME)";
				TEST_HOST = "$(BUILT_PRODUCTS_DIR)/Tax Calculator.app/Tax Calculator";
			};
			name = Debug;
		};
		14CE71EF1AA527C700881592 /* Release */ = {
			isa = XCBuildConfiguration;
			buildSettings = {
				BUNDLE_LOADER = "$(TEST_HOST)";
				FRAMEWORK_SEARCH_PATHS = (
					"$(SDKROOT)/Developer/Library/Frameworks",
					"$(inherited)",
				);
				INFOPLIST_FILE = "Tax CalculatorTests/Info.plist";
				LD_RUNPATH_SEARCH_PATHS = "$(inherited) @executable_path/Frameworks @loader_path/Frameworks";
				PRODUCT_NAME = "$(TARGET_NAME)";
				TEST_HOST = "$(BUILT_PRODUCTS_DIR)/Tax Calculator.app/Tax Calculator";
			};
			name = Release;
		};
/* End XCBuildConfiguration section */

/* Begin XCConfigurationList section */
		14CE71C21AA527C700881592 /* Build configuration list for PBXProject "Tax Calculator" */ = {
			isa = XCConfigurationList;
			buildConfigurations = (
				14CE71E81AA527C700881592 /* Debug */,
				14CE71E91AA527C700881592 /* Release */,
			);
			defaultConfigurationIsVisible = 0;
			defaultConfigurationName = Release;
		};
		14CE71EA1AA527C700881592 /* Build configuration list for PBXNativeTarget "Tax Calculator" */ = {
			isa = XCConfigurationList;
			buildConfigurations = (
				14CE71EB1AA527C700881592 /* Debug */,
				14CE71EC1AA527C700881592 /* Release */,
			);
			defaultConfigurationIsVisible = 0;
		};
		14CE71ED1AA527C700881592 /* Build configuration list for PBXNativeTarget "Tax CalculatorTests" */ = {
			isa = XCConfigurationList;
			buildConfigurations = (
				14CE71EE1AA527C700881592 /* Debug */,
				14CE71EF1AA527C700881592 /* Release */,
			);
			defaultConfigurationIsVisible = 0;
		};
/* End XCConfigurationList section */
	};
	rootObject = 14CE71BF1AA527C700881592 /* Project object */;
}
